
Microsoft Visual Studio Solution File, Format Version 12.00
# Visual Studio Version 16
VisualStudioVersion = 16.0.31424.327
MinimumVisualStudioVersion = 10.0.40219.1
Project("{FAE04EC0-301F-11D3-BF4B-00C04F79EFBC}") = "exemplos-mongodb", "exemplos-mongodb\exemplos-mongodb.csproj", "{29E3C7E3-2C8C-4D40-A2EC-AF436983DE24}"
EndProject
Global
	GlobalSection(SolutionConfigurationPlatforms) = preSolution
		Debug|Any CPU = Debug|Any CPU
		Release|Any CPU = Release|Any CPU
	EndGlobalSection
	GlobalSection(ProjectConfigurationPlatforms) = postSolution
		{29E3C7E3-2C8C-4D40-A2EC-AF436983DE24}.Debug|Any CPU.ActiveCfg = Debug|Any CPU
		{29E3C7E3-2C8C-4D40-A2EC-AF436983DE24}.Debug|Any CPU.Build.0 = Debug|Any CPU
		{29E3C7E3-2C8C-4D40-A2EC-AF436983DE24}.Release|Any CPU.ActiveCfg = Release|Any CPU
		{29E3C7E3-2C8C-4D40-A2EC-AF436983DE24}.Release|Any CPU.Build.0 = Release|Any CPU
	EndGlobalSection
	GlobalSection(SolutionProperties) = preSolution
		HideSolutionNode = FALSE
	EndGlobalSection
	GlobalSection(ExtensibilityGlobals) = postSolution
		SolutionGuid = {B6D9FB2D-1F70-4FCD-8789-AEBFA8EDFCEE}
	EndGlobalSection
EndGlobal
